
Microsoft Visual Studio Solution File, Format Version 12.00
# Visual Studio Version 16
VisualStudioVersion = 16.0.30907.101
MinimumVisualStudioVersion = 10.0.40219.1
Project("{9A19103F-16F7-4668-BE54-9A1E7A4F7556}") = "TestApp", "TestApp\TestApp.csproj", "{02A4B053-8FDC-41D7-9F42-53B5A09D1041}"
EndProject
Project("{FAE04EC0-301F-11D3-BF4B-00C04F79EFBC}") = "TestAppTests", "TestAppTests\TestAppTests.csproj", "{7E3D6D69-FA74-4BB3-A53D-AAD5FB52D409}"
EndProject
Global
	GlobalSection(SolutionConfigurationPlatforms) = preSolution
		Debug|Any CPU = Debug|Any CPU
		Release|Any CPU = Release|Any CPU
	EndGlobalSection
	GlobalSection(ProjectConfigurationPlatforms) = postSolution
		{02A4B053-8FDC-41D7-9F42-53B5A09D1041}.Debug|Any CPU.ActiveCfg = Debug|Any CPU
		{02A4B053-8FDC-41D7-9F42-53B5A09D1041}.Debug|Any CPU.Build.0 = Debug|Any CPU
		{02A4B053-8FDC-41D7-9F42-53B5A09D1041}.Release|Any CPU.ActiveCfg = Release|Any CPU
		{02A4B053-8FDC-41D7-9F42-53B5A09D1041}.Release|Any CPU.Build.0 = Release|Any CPU
		{7E3D6D69-FA74-4BB3-A53D-AAD5FB52D409}.Debug|Any CPU.ActiveCfg = Debug|Any CPU
		{7E3D6D69-FA74-4BB3-A53D-AAD5FB52D409}.Debug|Any CPU.Build.0 = Debug|Any CPU
		{7E3D6D69-FA74-4BB3-A53D-AAD5FB52D409}.Release|Any CPU.ActiveCfg = Release|Any CPU
		{7E3D6D69-FA74-4BB3-A53D-AAD5FB52D409}.Release|Any CPU.Build.0 = Release|Any CPU
	EndGlobalSection
	GlobalSection(SolutionProperties) = preSolution
		HideSolutionNode = FALSE
	EndGlobalSection
	GlobalSection(ExtensibilityGlobals) = postSolution
		SolutionGuid = {1142B146-3EC8-4FB8-A486-BAD2EC4EDB22}
	EndGlobalSection
EndGlobal
